
Microsoft Visual Studio Solution File, Format Version 12.00
# Visual Studio 15
VisualStudioVersion = 15.0.28307.572
MinimumVisualStudioVersion = 10.0.40219.1
Project("{778DAE3C-4631-46EA-AA77-85C1314464D9}") = "2.1.AhoraEs", "2.1.AhoraEs\2.1.AhoraEs.vbproj", "{69ECCDA1-AAE3-4AC1-908F-E01350E8D0B3}"
EndProject
Project("{778DAE3C-4631-46EA-AA77-85C1314464D9}") = "2.2.Nueva_fecha", "2.2.Nueva_fecha\2.2.Nueva_fecha.vbproj", "{09EDD512-D4F8-4A4D-9420-5625C9286A8E}"
EndProject
Project("{778DAE3C-4631-46EA-AA77-85C1314464D9}") = "2.3.Hipotenusa", "Hipotenusa\2.3.Hipotenusa.vbproj", "{80AFD488-E6D7-40B6-A06A-81C36744A7EB}"
EndProject
Project("{778DAE3C-4631-46EA-AA77-85C1314464D9}") = "2.4.VolumenCilindro", "2.4.VolumenCilindro\2.4.VolumenCilindro.vbproj", "{0BF16D9F-F10C-4061-93E9-F3C67A293D4B}"
EndProject
Project("{778DAE3C-4631-46EA-AA77-85C1314464D9}") = "2.5.Potencias", "2.5.Potencias\2.5.Potencias.vbproj", "{B7632A44-3BA5-4E32-9E8D-E8E4FEAD1E33}"
EndProject
Project("{778DAE3C-4631-46EA-AA77-85C1314464D9}") = "2.6.Acumuladora", "2.6.Acumuladora\2.6.Acumuladora.vbproj", "{186F98EB-74F2-4FB2-88DA-CDA0049497B9}"
EndProject
Project("{F184B08F-C81C-45F6-A57F-5ABD9991F28F}") = "2.7.Sumas", "2.7.Sumas\2.7.Sumas.vbproj", "{89D2ED8B-1D72-4A81-A3C0-962C3607D68F}"
EndProject
Project("{F184B08F-C81C-45F6-A57F-5ABD9991F28F}") = "2.8.SuperficieFiguras", "2.8.SuperficieFiguras\2.8.SuperficieFiguras.vbproj", "{550DF0C6-492A-422E-A8F7-63C9EAC98770}"
EndProject
Global
	GlobalSection(SolutionConfigurationPlatforms) = preSolution
		Debug|Any CPU = Debug|Any CPU
		Release|Any CPU = Release|Any CPU
	EndGlobalSection
	GlobalSection(ProjectConfigurationPlatforms) = postSolution
		{69ECCDA1-AAE3-4AC1-908F-E01350E8D0B3}.Debug|Any CPU.ActiveCfg = Debug|Any CPU
		{69ECCDA1-AAE3-4AC1-908F-E01350E8D0B3}.Debug|Any CPU.Build.0 = Debug|Any CPU
		{69ECCDA1-AAE3-4AC1-908F-E01350E8D0B3}.Release|Any CPU.ActiveCfg = Release|Any CPU
		{69ECCDA1-AAE3-4AC1-908F-E01350E8D0B3}.Release|Any CPU.Build.0 = Release|Any CPU
		{09EDD512-D4F8-4A4D-9420-5625C9286A8E}.Debug|Any CPU.ActiveCfg = Debug|Any CPU
		{09EDD512-D4F8-4A4D-9420-5625C9286A8E}.Debug|Any CPU.Build.0 = Debug|Any CPU
		{09EDD512-D4F8-4A4D-9420-5625C9286A8E}.Release|Any CPU.ActiveCfg = Release|Any CPU
		{09EDD512-D4F8-4A4D-9420-5625C9286A8E}.Release|Any CPU.Build.0 = Release|Any CPU
		{80AFD488-E6D7-40B6-A06A-81C36744A7EB}.Debug|Any CPU.ActiveCfg = Debug|Any CPU
		{80AFD488-E6D7-40B6-A06A-81C36744A7EB}.Debug|Any CPU.Build.0 = Debug|Any CPU
		{80AFD488-E6D7-40B6-A06A-81C36744A7EB}.Release|Any CPU.ActiveCfg = Release|Any CPU
		{80AFD488-E6D7-40B6-A06A-81C36744A7EB}.Release|Any CPU.Build.0 = Release|Any CPU
		{0BF16D9F-F10C-4061-93E9-F3C67A293D4B}.Debug|Any CPU.ActiveCfg = Debug|Any CPU
		{0BF16D9F-F10C-4061-93E9-F3C67A293D4B}.Debug|Any CPU.Build.0 = Debug|Any CPU
		{0BF16D9F-F10C-4061-93E9-F3C67A293D4B}.Release|Any CPU.ActiveCfg = Release|Any CPU
		{0BF16D9F-F10C-4061-93E9-F3C67A293D4B}.Release|Any CPU.Build.0 = Release|Any CPU
		{B7632A44-3BA5-4E32-9E8D-E8E4FEAD1E33}.Debug|Any CPU.ActiveCfg = Debug|Any CPU
		{B7632A44-3BA5-4E32-9E8D-E8E4FEAD1E33}.Debug|Any CPU.Build.0 = Debug|Any CPU
		{B7632A44-3BA5-4E32-9E8D-E8E4FEAD1E33}.Release|Any CPU.ActiveCfg = Release|Any CPU
		{B7632A44-3BA5-4E32-9E8D-E8E4FEAD1E33}.Release|Any CPU.Build.0 = Release|Any CPU
		{186F98EB-74F2-4FB2-88DA-CDA0049497B9}.Debug|Any CPU.ActiveCfg = Debug|Any CPU
		{186F98EB-74F2-4FB2-88DA-CDA0049497B9}.Debug|Any CPU.Build.0 = Debug|Any CPU
		{186F98EB-74F2-4FB2-88DA-CDA0049497B9}.Release|Any CPU.ActiveCfg = Release|Any CPU
		{186F98EB-74F2-4FB2-88DA-CDA0049497B9}.Release|Any CPU.Build.0 = Release|Any CPU
		{89D2ED8B-1D72-4A81-A3C0-962C3607D68F}.Debug|Any CPU.ActiveCfg = Debug|Any CPU
		{89D2ED8B-1D72-4A81-A3C0-962C3607D68F}.Debug|Any CPU.Build.0 = Debug|Any CPU
		{89D2ED8B-1D72-4A81-A3C0-962C3607D68F}.Release|Any CPU.ActiveCfg = Release|Any CPU
		{89D2ED8B-1D72-4A81-A3C0-962C3607D68F}.Release|Any CPU.Build.0 = Release|Any CPU
		{550DF0C6-492A-422E-A8F7-63C9EAC98770}.Debug|Any CPU.ActiveCfg = Debug|Any CPU
		{550DF0C6-492A-422E-A8F7-63C9EAC98770}.Debug|Any CPU.Build.0 = Debug|Any CPU
		{550DF0C6-492A-422E-A8F7-63C9EAC98770}.Release|Any CPU.ActiveCfg = Release|Any CPU
		{550DF0C6-492A-422E-A8F7-63C9EAC98770}.Release|Any CPU.Build.0 = Release|Any CPU
	EndGlobalSection
	GlobalSection(SolutionProperties) = preSolution
		HideSolutionNode = FALSE
	EndGlobalSection
	GlobalSection(ExtensibilityGlobals) = postSolution
		SolutionGuid = {88C00083-4DC2-441B-9C24-EBDDE78F9162}
	EndGlobalSection
EndGlobal
